{
  "name": "simplecrawler-cookie-probs",
  "version": "1.0.0",
  "lockfileVersion": 1,
  "requires": true,
  "dependencies": {
    "async": {
      "version": "2.5.0",
      "resolved": "https://registry.npmjs.org/async/-/async-2.5.0.tgz",
      "integrity": "sha1-hDGQ/WtzV6C54clW7d3V7IRitU0=",
      "requires": {
        "lodash": "4.17.4"
      }
    },
    "iconv-lite": {
      "version": "0.4.19",
      "resolved": "https://registry.npmjs.org/iconv-lite/-/iconv-lite-0.4.19.tgz",
      "integrity": "sha1-90aPYBNfXl2tM5nAqBvpoWA6CCs="
    },
    "lodash": {
      "version": "4.17.4",
      "resolved": "https://registry.npmjs.org/lodash/-/lodash-4.17.4.tgz",
      "integrity": "sha1-eCA6TRwyiuHYbcpkYONptX9AVa4="
    },
    "robots-parser": {
      "version": "1.0.1",
      "resolved": "https://registry.npmjs.org/robots-parser/-/robots-parser-1.0.1.tgz",
      "integrity": "sha1-eeMuPly0Bm3lAUBCB6jrEjKXACA="
    },
    "simplecrawler": {
      "version": "git://github.com/HaroldPutman/node-simplecrawler.git#82f73b0e59e8fb3fc759d9f7cd3c1d100a657949",
      "requires": {
        "async": "2.5.0",
        "iconv-lite": "0.4.19",
        "robots-parser": "1.0.1",
        "urijs": "1.18.12"
      }
    },
    "urijs": {
      "version": "1.18.12",
      "resolved": "https://registry.npmjs.org/urijs/-/urijs-1.18.12.tgz",
      "integrity": "sha1-8E2R4fq7KcFvyEL5oU7o3cP9pk4="
    }
  }
}
